
Microsoft Visual Studio Solution File, Format Version 12.00
# Visual Studio 15
VisualStudioVersion = 15.0.27130.2027
MinimumVisualStudioVersion = 10.0.40219.1
Project("{2150E333-8FDC-42A3-9474-1A3956D46DE8}") = "Core", "Core", "{8EE3C655-346B-45FF-B34B-796273FD58E3}"
EndProject
Project("{2150E333-8FDC-42A3-9474-1A3956D46DE8}") = "MEF Bootstraps", "MEF Bootstraps", "{38E84F1B-7493-4C4F-8F4E-48CFBFD16FE5}"
EndProject
Project("{2150E333-8FDC-42A3-9474-1A3956D46DE8}") = "Entities", "Entities", "{8BE95143-7972-4F71-8D6D-1C5969DBFB88}"
EndProject
Project("{2150E333-8FDC-42A3-9474-1A3956D46DE8}") = "Data", "Data", "{9490F906-4729-4E8A-9203-8BFFCB7AEAB9}"
EndProject
Project("{2150E333-8FDC-42A3-9474-1A3956D46DE8}") = "_Testing", "_Testing", "{2B7E2626-9BE3-4F39-8189-021536918763}"
EndProject
Project("{FAE04EC0-301F-11D3-BF4B-00C04F79EFBC}") = "JARS.Business.Bootstrap", "JARS.Business.Boostrapper\JARS.Business.Bootstrap.csproj", "{953F6DC3-1321-4D29-B7A5-E3E009222820}"
EndProject
Project("{FAE04EC0-301F-11D3-BF4B-00C04F79EFBC}") = "JARS.Entities", "JARS.Entities\JARS.Entities.csproj", "{3C613236-83D6-45EA-812C-7FF5CB868F50}"
EndProject
Project("{FAE04EC0-301F-11D3-BF4B-00C04F79EFBC}") = "JARS.Core", "JARS.Core\JARS.Core.csproj", "{0A9DCCE1-E89F-4312-B6DE-1A1C5C06EC29}"
EndProject
Project("{FAE04EC0-301F-11D3-BF4B-00C04F79EFBC}") = "JARS.Core.Data.Interfaces", "JARS.Core.Data.Interfaces\JARS.Core.Data.Interfaces.csproj", "{FEEB3E69-1BB9-4460-866B-A56DA3CC6424}"
EndProject
Project("{FAE04EC0-301F-11D3-BF4B-00C04F79EFBC}") = "JARS.Core.Interfaces", "JARS.Core.Interfaces\JARS.Core.Interfaces.csproj", "{C8CFD36A-8EF4-4081-A5CB-7E8B28978508}"
EndProject
Project("{FAE04EC0-301F-11D3-BF4B-00C04F79EFBC}") = "JARS.Tests.Data.NH", "JARS.Tests.Data.NH\JARS.Tests.Data.NH.csproj", "{A966D6B6-365B-4EA2-8BCA-B9EFE41A14D1}"
EndProject
Project("{2150E333-8FDC-42A3-9474-1A3956D46DE8}") = "Solution Items", "Solution Items", "{8660D8B8-3DD6-475E-A4C3-F8EC09E0CEE4}"
	ProjectSection(SolutionItems) = preProject
		Readme.md = Readme.md
	EndProjectSection
EndProject
Project("{2150E333-8FDC-42A3-9474-1A3956D46DE8}") = "ServiceHost", "ServiceHost", "{57AC4BE8-FBCE-4704-A543-D4AB9A595974}"
EndProject
Project("{FAE04EC0-301F-11D3-BF4B-00C04F79EFBC}") = "JARS.Client.Bootstrap", "JARS.Client.Bootstrap\JARS.Client.Bootstrap.csproj", "{6FDDE09C-AFD6-4823-B435-8DFFBD600EE6}"
EndProject
Project("{FAE04EC0-301F-11D3-BF4B-00C04F79EFBC}") = "JARS.Entities.Maps", "JARS.Entities.Maps\JARS.Entities.Maps.csproj", "{03431B74-8132-461E-8A57-CF852CCF72D4}"
EndProject
Project("{FAE04EC0-301F-11D3-BF4B-00C04F79EFBC}") = "JARS.Data.NH", "JARS.Data.NH\JARS.Data.NH.csproj", "{EC30D0E0-D17F-4848-8CFF-C257767F087B}"
EndProject
Project("{2150E333-8FDC-42A3-9474-1A3956D46DE8}") = "WinForm", "WinForm", "{CA552B15-7AD4-4324-BBA3-8687BEDAD6E5}"
EndProject
Project("{2150E333-8FDC-42A3-9474-1A3956D46DE8}") = "ServiceStack", "ServiceStack", "{2C112666-BCD6-43A5-BC2F-BC4B01DD8CDA}"
EndProject
Project("{FAE04EC0-301F-11D3-BF4B-00C04F79EFBC}") = "JARS.Test.SS.Services", "JARS.Test.SS.Services\JARS.Test.SS.Services.csproj", "{0AE2DF90-EE7F-4E7E-A154-6A7ACFB7326B}"
EndProject
Project("{FAE04EC0-301F-11D3-BF4B-00C04F79EFBC}") = "JARS.SS.Services", "JARS.SS.Services\JARS.SS.Services.csproj", "{D3AC0859-7447-4D7E-AAE9-956D1B50DC23}"
EndProject
Project("{FAE04EC0-301F-11D3-BF4B-00C04F79EFBC}") = "JARS.SS.Host.ServiceConsole", "JARS.SS.Host.ServiceConsole\JARS.SS.Host.ServiceConsole.csproj", "{22277553-7E60-4557-AE63-153B00F211EF}"
EndProject
Project("{FAE04EC0-301F-11D3-BF4B-00C04F79EFBC}") = "JARS.Data.FakeData", "JARS.Data.FakeData\JARS.Data.FakeData.csproj", "{81E84113-EA89-493E-B1A8-BCB674F46A99}"
EndProject
Project("{FAE04EC0-301F-11D3-BF4B-00C04F79EFBC}") = "JARS.Test.SS.Clients", "JARS.Test.SS.Clients\JARS.Test.SS.Clients.csproj", "{5FBEEB52-DD77-48C7-845E-733BF7A55431}"
EndProject
Project("{FAE04EC0-301F-11D3-BF4B-00C04F79EFBC}") = "JARS.Test.RulesLogic", "JARS.Test.RulesLogic\JARS.Test.RulesLogic.csproj", "{FA4C74E2-8E1A-4633-B928-6B72B5D97C9B}"
EndProject
Project("{FAE04EC0-301F-11D3-BF4B-00C04F79EFBC}") = "JARS.Core.SetupAndConfigure", "JARS.Core.SetupAndConfigure\JARS.Core.SetupAndConfigure.csproj", "{A650E705-6184-423A-83E2-33E2A27FB542}"
EndProject
Project("{FAE04EC0-301F-11D3-BF4B-00C04F79EFBC}") = "JARS.Test.Miscellaneous", "JARS.Test.Miscellaneous\JARS.Test.Miscellaneous.csproj", "{3E81825A-1D30-448D-99E7-3FF372F8CC53}"
EndProject
Project("{FAE04EC0-301F-11D3-BF4B-00C04F79EFBC}") = "JARS.Test.SyncEngines", "JARS.Test.SyncEngines\JARS.Test.SyncEngines.csproj", "{0B5D3009-DFC1-49B1-AF47-8D63628977F7}"
EndProject
Project("{FAE04EC0-301F-11D3-BF4B-00C04F79EFBC}") = "JARS.WinForms.Plugins", "JARS.WinForms.Plugins\JARS.WinForms.Plugins.csproj", "{33FEA6E6-549C-4BBB-9F7F-77D9B20DF9C1}"
EndProject
Project("{FAE04EC0-301F-11D3-BF4B-00C04F79EFBC}") = "JARS.WinForms", "JARS.WinForms\JARS.WinForms.csproj", "{10E4F18F-23B3-45CF-8FE1-AC7F98DC117E}"
EndProject
Project("{FAE04EC0-301F-11D3-BF4B-00C04F79EFBC}") = "JARS.Test.EntitySchedulerMappings", "JARS.Test.EntitySchedulerMappings\JARS.Test.EntitySchedulerMappings.csproj", "{623643F9-671D-42BF-9368-80B4B2723701}"
EndProject
Project("{2150E333-8FDC-42A3-9474-1A3956D46DE8}") = "_Setup", "_Setup", "{F7FC9D3F-005F-4543-B730-2304F7A2CD11}"
EndProject
Project("{FAE04EC0-301F-11D3-BF4B-00C04F79EFBC}") = "JARS.Data.NH.Jars", "JARS.Data.NH.Jars\JARS.Data.NH.Jars.csproj", "{C53FA771-3BBF-428F-8BC2-D2EF7B475D8C}"
EndProject
Project("{FAE04EC0-301F-11D3-BF4B-00C04F79EFBC}") = "JARS.Core.WinForms.Interfaces", "JARS.Core.Winforms.Interfaces\JARS.Core.WinForms.Interfaces.csproj", "{EB29AFCB-AB85-46B1-9703-7026C0A6D0C3}"
EndProject
Project("{FAE04EC0-301F-11D3-BF4B-00C04F79EFBC}") = "JARS.Core.WinForms", "JARS.Core.WinForms\JARS.Core.WinForms.csproj", "{DF3467B1-5D12-4B0B-A63D-6EF5562035F6}"
EndProject
Project("{FAE04EC0-301F-11D3-BF4B-00C04F79EFBC}") = "JARS.SS.DTOs", "JARS.SS.DTOs\JARS.SS.DTOs.csproj", "{1F30DCDC-5E70-4A89-B7CE-DA8FAC1BAC52}"
EndProject
Project("{FAE04EC0-301F-11D3-BF4B-00C04F79EFBC}") = "JARS.SS.HostIIS", "JARS.SS.HostIIS\JARS.SS.HostIIS.csproj", "{FA48B35D-D359-4459-BD99-1A7EFE054963}"
EndProject
Project("{FAE04EC0-301F-11D3-BF4B-00C04F79EFBC}") = "JARS.Tests.SchedulerAppointments", "JARS.Tests.SchedulerAppointments\JARS.Tests.SchedulerAppointments.csproj", "{814B78E3-CF62-4180-83C6-DFAE183861C2}"
EndProject
Project("{FAE04EC0-301F-11D3-BF4B-00C04F79EFBC}") = "JARS.Test.Processors", "JARS.Test.Processors\JARS.Test.Processors.csproj", "{6F42106C-6531-41EA-8672-E546D8001CB0}"
EndProject
Project("{FAE04EC0-301F-11D3-BF4B-00C04F79EFBC}") = "JARS.SS.DTOs.Interfaces", "JARS.SS.DTOs.Interfaces\JARS.SS.DTOs.Interfaces.csproj", "{9E698A08-84DA-44F2-9356-1379CF1A1879}"
EndProject
Project("{FAE04EC0-301F-11D3-BF4B-00C04F79EFBC}") = "JARS.SS.Auth", "JARS.SS.Auth\JARS.SS.Auth.csproj", "{13372CB9-0F8B-4ACD-B58E-B078247CD91E}"
EndProject
Project("{FAE04EC0-301F-11D3-BF4B-00C04F79EFBC}") = "JARS.Test.WinForms", "JARS.Test.WinForms\JARS.Test.WinForms.csproj", "{D3653E94-5CB6-4FE2-BC51-E92D2AFDBC90}"
EndProject
Project("{FAE04EC0-301F-11D3-BF4B-00C04F79EFBC}") = "JARS.Test.Jars.Core", "JARS.Test.Jars.Core\JARS.Test.Jars.Core.csproj", "{6B6AAFA2-082C-43C0-9667-D3CEF9F5E3B0}"
EndProject
Project("{FAE04EC0-301F-11D3-BF4B-00C04F79EFBC}") = "JARS.Core.Authentication", "JARS.Core.Authentication\JARS.Core.Authentication.csproj", "{038A280B-5ACE-491D-B389-BCE0BCCD4F0C}"
EndProject
Project("{FAE04EC0-301F-11D3-BF4B-00C04F79EFBC}") = "JARS.SS.AuthHost.ServiceConsole", "JARS.SS.AuthHost.ServiceConsole\JARS.SS.AuthHost.ServiceConsole.csproj", "{8E35B46A-8806-4E84-9E27-F1619EBA0CCB}"
EndProject
Project("{FAE04EC0-301F-11D3-BF4B-00C04F79EFBC}") = "JARS.SS.AuthHostIIS", "JARS.SS.AuthHostIIS\JARS.SS.AuthHostIIS.csproj", "{D6D741FB-A0FE-47EF-B718-4A5149D83B84}"
EndProject
Project("{FAE04EC0-301F-11D3-BF4B-00C04F79EFBC}") = "JARS.Core.Client", "JARS.Core.Client\JARS.Core.Client.csproj", "{FBC77B2E-3769-4C20-997D-EC115F52433F}"
EndProject
Project("{FAE04EC0-301F-11D3-BF4B-00C04F79EFBC}") = "JARS.Test.EntityConversionsAndMappings", "JARS.Test.EntityConversionsAndMappings\JARS.Test.EntityConversionsAndMappings.csproj", "{E75CEA34-2165-4FDA-888D-B536CFCF531F}"
EndProject
Project("{2150E333-8FDC-42A3-9474-1A3956D46DE8}") = "DemoBackOfficeSystem", "DemoBackOfficeSystem", "{1BA67710-366C-4EEF-B948-7E7C8B8BA7D9}"
EndProject
Project("{FAE04EC0-301F-11D3-BF4B-00C04F79EFBC}") = "JARS.BOS.Data", "JARS.BOS.Data\JARS.BOS.Data.csproj", "{F4FD7F14-2425-49CB-A97A-31164F537D6E}"
EndProject
Project("{FAE04EC0-301F-11D3-BF4B-00C04F79EFBC}") = "JARS.BOS.Entities", "JARS.BOS.Entities\JARS.BOS.Entities.csproj", "{FCFA9374-67E8-417D-B70C-5DA15A5B8CF0}"
EndProject
Project("{FAE04EC0-301F-11D3-BF4B-00C04F79EFBC}") = "JARS.BOS.Entities.Maps", "JARS.BOS.Entities.Maps\JARS.BOS.Entities.Maps.csproj", "{16A409D3-3ED0-40E5-9C88-77917769C424}"
EndProject
Project("{FAE04EC0-301F-11D3-BF4B-00C04F79EFBC}") = "JARS.BOS.SS.DTOs", "JARS.BOS.SS.DTOs\JARS.BOS.SS.DTOs.csproj", "{3AC8BA2A-7DBF-4CC5-B44E-F17098A12BD6}"
EndProject
Project("{FAE04EC0-301F-11D3-BF4B-00C04F79EFBC}") = "JARS.BOS.SS.Services", "JARS.BOS.SS.Services\JARS.BOS.SS.Services.csproj", "{E5481D20-BBEE-40DC-95FD-957F79DFB359}"
EndProject
Project("{FAE04EC0-301F-11D3-BF4B-00C04F79EFBC}") = "JARS.BOS.WinForms.Plugins", "JARS.BOS.WinForms.Plugins\JARS.BOS.WinForms.Plugins.csproj", "{296655F4-4FEF-42CB-946D-3E1023EEEA0D}"
EndProject
Project("{FAE04EC0-301F-11D3-BF4B-00C04F79EFBC}") = "JARS.Test.BOS.Tests", "JARS.Test.BOS.Tests\JARS.Test.BOS.Tests.csproj", "{A6041552-964B-4F42-BB22-A47194BFC245}"
EndProject
Project("{FAE04EC0-301F-11D3-BF4B-00C04F79EFBC}") = "JARS.Test.BOS.ClientSide.Tests", "JARS.Test.BOS.ClientSide.Tests\JARS.Test.BOS.ClientSide.Tests.csproj", "{30DD1A5B-2404-49CE-9046-5B50DDCFBFE9}"
EndProject
Project("{2150E333-8FDC-42A3-9474-1A3956D46DE8}") = "Rules", "Rules", "{5AFB02FD-7851-4CA1-930A-56BB9ECA4818}"
EndProject
Project("{FAE04EC0-301F-11D3-BF4B-00C04F79EFBC}") = "JARS.Rules.Plugins", "JARS.Rules.Plugins\JARS.Rules.Plugins.csproj", "{982F3B6B-843A-4AAF-81E3-F8A29DB9B73A}"
EndProject
Global
	GlobalSection(SolutionConfigurationPlatforms) = preSolution
		Azure|Any CPU = Azure|Any CPU
		Debug|Any CPU = Debug|Any CPU
		Release|Any CPU = Release|Any CPU
	EndGlobalSection
	GlobalSection(ProjectConfigurationPlatforms) = postSolution
		{953F6DC3-1321-4D29-B7A5-E3E009222820}.Azure|Any CPU.ActiveCfg = Azure|Any CPU
		{953F6DC3-1321-4D29-B7A5-E3E009222820}.Azure|Any CPU.Build.0 = Azure|Any CPU
		{953F6DC3-1321-4D29-B7A5-E3E009222820}.Debug|Any CPU.ActiveCfg = Debug|Any CPU
		{953F6DC3-1321-4D29-B7A5-E3E009222820}.Debug|Any CPU.Build.0 = Debug|Any CPU
		{953F6DC3-1321-4D29-B7A5-E3E009222820}.Release|Any CPU.ActiveCfg = Release|Any CPU
		{3C613236-83D6-45EA-812C-7FF5CB868F50}.Azure|Any CPU.ActiveCfg = Azure|Any CPU
		{3C613236-83D6-45EA-812C-7FF5CB868F50}.Azure|Any CPU.Build.0 = Azure|Any CPU
		{3C613236-83D6-45EA-812C-7FF5CB868F50}.Debug|Any CPU.ActiveCfg = Debug|Any CPU
		{3C613236-83D6-45EA-812C-7FF5CB868F50}.Debug|Any CPU.Build.0 = Debug|Any CPU
		{3C613236-83D6-45EA-812C-7FF5CB868F50}.Release|Any CPU.ActiveCfg = Release|Any CPU
		{0A9DCCE1-E89F-4312-B6DE-1A1C5C06EC29}.Azure|Any CPU.ActiveCfg = Azure|Any CPU
		{0A9DCCE1-E89F-4312-B6DE-1A1C5C06EC29}.Azure|Any CPU.Build.0 = Azure|Any CPU
		{0A9DCCE1-E89F-4312-B6DE-1A1C5C06EC29}.Debug|Any CPU.ActiveCfg = Debug|Any CPU
		{0A9DCCE1-E89F-4312-B6DE-1A1C5C06EC29}.Debug|Any CPU.Build.0 = Debug|Any CPU
		{0A9DCCE1-E89F-4312-B6DE-1A1C5C06EC29}.Release|Any CPU.ActiveCfg = Release|Any CPU
		{FEEB3E69-1BB9-4460-866B-A56DA3CC6424}.Azure|Any CPU.ActiveCfg = Azure|Any CPU
		{FEEB3E69-1BB9-4460-866B-A56DA3CC6424}.Azure|Any CPU.Build.0 = Azure|Any CPU
		{FEEB3E69-1BB9-4460-866B-A56DA3CC6424}.Debug|Any CPU.ActiveCfg = Debug|Any CPU
		{FEEB3E69-1BB9-4460-866B-A56DA3CC6424}.Debug|Any CPU.Build.0 = Debug|Any CPU
		{FEEB3E69-1BB9-4460-866B-A56DA3CC6424}.Release|Any CPU.ActiveCfg = Release|Any CPU
		{C8CFD36A-8EF4-4081-A5CB-7E8B28978508}.Azure|Any CPU.ActiveCfg = Azure|Any CPU
		{C8CFD36A-8EF4-4081-A5CB-7E8B28978508}.Azure|Any CPU.Build.0 = Azure|Any CPU
		{C8CFD36A-8EF4-4081-A5CB-7E8B28978508}.Debug|Any CPU.ActiveCfg = Debug|Any CPU
		{C8CFD36A-8EF4-4081-A5CB-7E8B28978508}.Debug|Any CPU.Build.0 = Debug|Any CPU
		{C8CFD36A-8EF4-4081-A5CB-7E8B28978508}.Release|Any CPU.ActiveCfg = Release|Any CPU
		{A966D6B6-365B-4EA2-8BCA-B9EFE41A14D1}.Azure|Any CPU.ActiveCfg = Azure|Any CPU
		{A966D6B6-365B-4EA2-8BCA-B9EFE41A14D1}.Azure|Any CPU.Build.0 = Azure|Any CPU
		{A966D6B6-365B-4EA2-8BCA-B9EFE41A14D1}.Debug|Any CPU.ActiveCfg = Debug|Any CPU
		{A966D6B6-365B-4EA2-8BCA-B9EFE41A14D1}.Debug|Any CPU.Build.0 = Debug|Any CPU
		{A966D6B6-365B-4EA2-8BCA-B9EFE41A14D1}.Release|Any CPU.ActiveCfg = Release|Any CPU
		{6FDDE09C-AFD6-4823-B435-8DFFBD600EE6}.Azure|Any CPU.ActiveCfg = Azure|Any CPU
		{6FDDE09C-AFD6-4823-B435-8DFFBD600EE6}.Azure|Any CPU.Build.0 = Azure|Any CPU
		{6FDDE09C-AFD6-4823-B435-8DFFBD600EE6}.Debug|Any CPU.ActiveCfg = Debug|Any CPU
		{6FDDE09C-AFD6-4823-B435-8DFFBD600EE6}.Debug|Any CPU.Build.0 = Debug|Any CPU
		{6FDDE09C-AFD6-4823-B435-8DFFBD600EE6}.Release|Any CPU.ActiveCfg = Release|Any CPU
		{03431B74-8132-461E-8A57-CF852CCF72D4}.Azure|Any CPU.ActiveCfg = Azure|Any CPU
		{03431B74-8132-461E-8A57-CF852CCF72D4}.Azure|Any CPU.Build.0 = Azure|Any CPU
		{03431B74-8132-461E-8A57-CF852CCF72D4}.Debug|Any CPU.ActiveCfg = Debug|Any CPU
		{03431B74-8132-461E-8A57-CF852CCF72D4}.Debug|Any CPU.Build.0 = Debug|Any CPU
		{03431B74-8132-461E-8A57-CF852CCF72D4}.Release|Any CPU.ActiveCfg = Release|Any CPU
		{EC30D0E0-D17F-4848-8CFF-C257767F087B}.Azure|Any CPU.ActiveCfg = Azure|Any CPU
		{EC30D0E0-D17F-4848-8CFF-C257767F087B}.Azure|Any CPU.Build.0 = Azure|Any CPU
		{EC30D0E0-D17F-4848-8CFF-C257767F087B}.Debug|Any CPU.ActiveCfg = Debug|Any CPU
		{EC30D0E0-D17F-4848-8CFF-C257767F087B}.Debug|Any CPU.Build.0 = Debug|Any CPU
		{EC30D0E0-D17F-4848-8CFF-C257767F087B}.Release|Any CPU.ActiveCfg = Release|Any CPU
		{0AE2DF90-EE7F-4E7E-A154-6A7ACFB7326B}.Azure|Any CPU.ActiveCfg = Azure|Any CPU
		{0AE2DF90-EE7F-4E7E-A154-6A7ACFB7326B}.Azure|Any CPU.Build.0 = Azure|Any CPU
		{0AE2DF90-EE7F-4E7E-A154-6A7ACFB7326B}.Debug|Any CPU.ActiveCfg = Debug|Any CPU
		{0AE2DF90-EE7F-4E7E-A154-6A7ACFB7326B}.Debug|Any CPU.Build.0 = Debug|Any CPU
		{0AE2DF90-EE7F-4E7E-A154-6A7ACFB7326B}.Release|Any CPU.ActiveCfg = Release|Any CPU
		{D3AC0859-7447-4D7E-AAE9-956D1B50DC23}.Azure|Any CPU.ActiveCfg = Azure|Any CPU
		{D3AC0859-7447-4D7E-AAE9-956D1B50DC23}.Azure|Any CPU.Build.0 = Azure|Any CPU
		{D3AC0859-7447-4D7E-AAE9-956D1B50DC23}.Debug|Any CPU.ActiveCfg = Debug|Any CPU
		{D3AC0859-7447-4D7E-AAE9-956D1B50DC23}.Debug|Any CPU.Build.0 = Debug|Any CPU
		{D3AC0859-7447-4D7E-AAE9-956D1B50DC23}.Release|Any CPU.ActiveCfg = Release|Any CPU
		{22277553-7E60-4557-AE63-153B00F211EF}.Azure|Any CPU.ActiveCfg = Release|Any CPU
		{22277553-7E60-4557-AE63-153B00F211EF}.Azure|Any CPU.Build.0 = Release|Any CPU
		{22277553-7E60-4557-AE63-153B00F211EF}.Debug|Any CPU.ActiveCfg = Debug|Any CPU
		{22277553-7E60-4557-AE63-153B00F211EF}.Debug|Any CPU.Build.0 = Debug|Any CPU
		{22277553-7E60-4557-AE63-153B00F211EF}.Release|Any CPU.ActiveCfg = Release|Any CPU
		{81E84113-EA89-493E-B1A8-BCB674F46A99}.Azure|Any CPU.ActiveCfg = Azure|Any CPU
		{81E84113-EA89-493E-B1A8-BCB674F46A99}.Azure|Any CPU.Build.0 = Azure|Any CPU
		{81E84113-EA89-493E-B1A8-BCB674F46A99}.Debug|Any CPU.ActiveCfg = Debug|Any CPU
		{81E84113-EA89-493E-B1A8-BCB674F46A99}.Debug|Any CPU.Build.0 = Debug|Any CPU
		{81E84113-EA89-493E-B1A8-BCB674F46A99}.Release|Any CPU.ActiveCfg = Release|Any CPU
		{5FBEEB52-DD77-48C7-845E-733BF7A55431}.Azure|Any CPU.ActiveCfg = Azure|Any CPU
		{5FBEEB52-DD77-48C7-845E-733BF7A55431}.Azure|Any CPU.Build.0 = Azure|Any CPU
		{5FBEEB52-DD77-48C7-845E-733BF7A55431}.Debug|Any CPU.ActiveCfg = Debug|Any CPU
		{5FBEEB52-DD77-48C7-845E-733BF7A55431}.Debug|Any CPU.Build.0 = Debug|Any CPU
		{5FBEEB52-DD77-48C7-845E-733BF7A55431}.Release|Any CPU.ActiveCfg = Release|Any CPU
		{FA4C74E2-8E1A-4633-B928-6B72B5D97C9B}.Azure|Any CPU.ActiveCfg = Azure|Any CPU
		{FA4C74E2-8E1A-4633-B928-6B72B5D97C9B}.Azure|Any CPU.Build.0 = Azure|Any CPU
		{FA4C74E2-8E1A-4633-B928-6B72B5D97C9B}.Debug|Any CPU.ActiveCfg = Debug|Any CPU
		{FA4C74E2-8E1A-4633-B928-6B72B5D97C9B}.Debug|Any CPU.Build.0 = Debug|Any CPU
		{FA4C74E2-8E1A-4633-B928-6B72B5D97C9B}.Release|Any CPU.ActiveCfg = Release|Any CPU
		{A650E705-6184-423A-83E2-33E2A27FB542}.Azure|Any CPU.ActiveCfg = Azure|Any CPU
		{A650E705-6184-423A-83E2-33E2A27FB542}.Azure|Any CPU.Build.0 = Azure|Any CPU
		{A650E705-6184-423A-83E2-33E2A27FB542}.Debug|Any CPU.ActiveCfg = Debug|Any CPU
		{A650E705-6184-423A-83E2-33E2A27FB542}.Debug|Any CPU.Build.0 = Debug|Any CPU
		{A650E705-6184-423A-83E2-33E2A27FB542}.Release|Any CPU.ActiveCfg = Release|Any CPU
		{3E81825A-1D30-448D-99E7-3FF372F8CC53}.Azure|Any CPU.ActiveCfg = Azure|Any CPU
		{3E81825A-1D30-448D-99E7-3FF372F8CC53}.Azure|Any CPU.Build.0 = Azure|Any CPU
		{3E81825A-1D30-448D-99E7-3FF372F8CC53}.Debug|Any CPU.ActiveCfg = Debug|Any CPU
		{3E81825A-1D30-448D-99E7-3FF372F8CC53}.Debug|Any CPU.Build.0 = Debug|Any CPU
		{3E81825A-1D30-448D-99E7-3FF372F8CC53}.Release|Any CPU.ActiveCfg = Release|Any CPU
		{0B5D3009-DFC1-49B1-AF47-8D63628977F7}.Azure|Any CPU.ActiveCfg = Azure|Any CPU
		{0B5D3009-DFC1-49B1-AF47-8D63628977F7}.Azure|Any CPU.Build.0 = Azure|Any CPU
		{0B5D3009-DFC1-49B1-AF47-8D63628977F7}.Debug|Any CPU.ActiveCfg = Debug|Any CPU
		{0B5D3009-DFC1-49B1-AF47-8D63628977F7}.Debug|Any CPU.Build.0 = Debug|Any CPU
		{0B5D3009-DFC1-49B1-AF47-8D63628977F7}.Release|Any CPU.ActiveCfg = Release|Any CPU
		{33FEA6E6-549C-4BBB-9F7F-77D9B20DF9C1}.Azure|Any CPU.ActiveCfg = Release|Any CPU
		{33FEA6E6-549C-4BBB-9F7F-77D9B20DF9C1}.Azure|Any CPU.Build.0 = Release|Any CPU
		{33FEA6E6-549C-4BBB-9F7F-77D9B20DF9C1}.Debug|Any CPU.ActiveCfg = Debug|Any CPU
		{33FEA6E6-549C-4BBB-9F7F-77D9B20DF9C1}.Debug|Any CPU.Build.0 = Debug|Any CPU
		{33FEA6E6-549C-4BBB-9F7F-77D9B20DF9C1}.Release|Any CPU.ActiveCfg = Release|Any CPU
		{10E4F18F-23B3-45CF-8FE1-AC7F98DC117E}.Azure|Any CPU.ActiveCfg = Azure|Any CPU
		{10E4F18F-23B3-45CF-8FE1-AC7F98DC117E}.Azure|Any CPU.Build.0 = Azure|Any CPU
		{10E4F18F-23B3-45CF-8FE1-AC7F98DC117E}.Debug|Any CPU.ActiveCfg = Debug|Any CPU
		{10E4F18F-23B3-45CF-8FE1-AC7F98DC117E}.Debug|Any CPU.Build.0 = Debug|Any CPU
		{10E4F18F-23B3-45CF-8FE1-AC7F98DC117E}.Release|Any CPU.ActiveCfg = Release|Any CPU
		{623643F9-671D-42BF-9368-80B4B2723701}.Azure|Any CPU.ActiveCfg = Azure|Any CPU
		{623643F9-671D-42BF-9368-80B4B2723701}.Azure|Any CPU.Build.0 = Azure|Any CPU
		{623643F9-671D-42BF-9368-80B4B2723701}.Debug|Any CPU.ActiveCfg = Debug|Any CPU
		{623643F9-671D-42BF-9368-80B4B2723701}.Debug|Any CPU.Build.0 = Debug|Any CPU
		{623643F9-671D-42BF-9368-80B4B2723701}.Release|Any CPU.ActiveCfg = Release|Any CPU
		{C53FA771-3BBF-428F-8BC2-D2EF7B475D8C}.Azure|Any CPU.ActiveCfg = Azure|Any CPU
		{C53FA771-3BBF-428F-8BC2-D2EF7B475D8C}.Azure|Any CPU.Build.0 = Azure|Any CPU
		{C53FA771-3BBF-428F-8BC2-D2EF7B475D8C}.Debug|Any CPU.ActiveCfg = Debug|Any CPU
		{C53FA771-3BBF-428F-8BC2-D2EF7B475D8C}.Debug|Any CPU.Build.0 = Debug|Any CPU
		{C53FA771-3BBF-428F-8BC2-D2EF7B475D8C}.Release|Any CPU.ActiveCfg = Release|Any CPU
		{EB29AFCB-AB85-46B1-9703-7026C0A6D0C3}.Azure|Any CPU.ActiveCfg = Azure|Any CPU
		{EB29AFCB-AB85-46B1-9703-7026C0A6D0C3}.Azure|Any CPU.Build.0 = Azure|Any CPU
		{EB29AFCB-AB85-46B1-9703-7026C0A6D0C3}.Debug|Any CPU.ActiveCfg = Debug|Any CPU
		{EB29AFCB-AB85-46B1-9703-7026C0A6D0C3}.Debug|Any CPU.Build.0 = Debug|Any CPU
		{EB29AFCB-AB85-46B1-9703-7026C0A6D0C3}.Release|Any CPU.ActiveCfg = Release|Any CPU
		{DF3467B1-5D12-4B0B-A63D-6EF5562035F6}.Azure|Any CPU.ActiveCfg = Azure|Any CPU
		{DF3467B1-5D12-4B0B-A63D-6EF5562035F6}.Azure|Any CPU.Build.0 = Azure|Any CPU
		{DF3467B1-5D12-4B0B-A63D-6EF5562035F6}.Debug|Any CPU.ActiveCfg = Debug|Any CPU
		{DF3467B1-5D12-4B0B-A63D-6EF5562035F6}.Debug|Any CPU.Build.0 = Debug|Any CPU
		{DF3467B1-5D12-4B0B-A63D-6EF5562035F6}.Release|Any CPU.ActiveCfg = Release|Any CPU
		{1F30DCDC-5E70-4A89-B7CE-DA8FAC1BAC52}.Azure|Any CPU.ActiveCfg = Azure|Any CPU
		{1F30DCDC-5E70-4A89-B7CE-DA8FAC1BAC52}.Azure|Any CPU.Build.0 = Azure|Any CPU
		{1F30DCDC-5E70-4A89-B7CE-DA8FAC1BAC52}.Debug|Any CPU.ActiveCfg = Debug|Any CPU
		{1F30DCDC-5E70-4A89-B7CE-DA8FAC1BAC52}.Debug|Any CPU.Build.0 = Debug|Any CPU
		{1F30DCDC-5E70-4A89-B7CE-DA8FAC1BAC52}.Release|Any CPU.ActiveCfg = Release|Any CPU
		{FA48B35D-D359-4459-BD99-1A7EFE054963}.Azure|Any CPU.ActiveCfg = Azure|Any CPU
		{FA48B35D-D359-4459-BD99-1A7EFE054963}.Azure|Any CPU.Build.0 = Azure|Any CPU
		{FA48B35D-D359-4459-BD99-1A7EFE054963}.Debug|Any CPU.ActiveCfg = Debug|Any CPU
		{FA48B35D-D359-4459-BD99-1A7EFE054963}.Debug|Any CPU.Build.0 = Debug|Any CPU
		{FA48B35D-D359-4459-BD99-1A7EFE054963}.Release|Any CPU.ActiveCfg = Release|Any CPU
		{814B78E3-CF62-4180-83C6-DFAE183861C2}.Azure|Any CPU.ActiveCfg = Azure|Any CPU
		{814B78E3-CF62-4180-83C6-DFAE183861C2}.Azure|Any CPU.Build.0 = Azure|Any CPU
		{814B78E3-CF62-4180-83C6-DFAE183861C2}.Debug|Any CPU.ActiveCfg = Debug|Any CPU
		{814B78E3-CF62-4180-83C6-DFAE183861C2}.Debug|Any CPU.Build.0 = Debug|Any CPU
		{814B78E3-CF62-4180-83C6-DFAE183861C2}.Release|Any CPU.ActiveCfg = Release|Any CPU
		{6F42106C-6531-41EA-8672-E546D8001CB0}.Azure|Any CPU.ActiveCfg = Azure|Any CPU
		{6F42106C-6531-41EA-8672-E546D8001CB0}.Azure|Any CPU.Build.0 = Azure|Any CPU
		{6F42106C-6531-41EA-8672-E546D8001CB0}.Debug|Any CPU.ActiveCfg = Debug|Any CPU
		{6F42106C-6531-41EA-8672-E546D8001CB0}.Debug|Any CPU.Build.0 = Debug|Any CPU
		{6F42106C-6531-41EA-8672-E546D8001CB0}.Release|Any CPU.ActiveCfg = Release|Any CPU
		{9E698A08-84DA-44F2-9356-1379CF1A1879}.Azure|Any CPU.ActiveCfg = Azure|Any CPU
		{9E698A08-84DA-44F2-9356-1379CF1A1879}.Azure|Any CPU.Build.0 = Azure|Any CPU
		{9E698A08-84DA-44F2-9356-1379CF1A1879}.Debug|Any CPU.ActiveCfg = Debug|Any CPU
		{9E698A08-84DA-44F2-9356-1379CF1A1879}.Debug|Any CPU.Build.0 = Debug|Any CPU
		{9E698A08-84DA-44F2-9356-1379CF1A1879}.Release|Any CPU.ActiveCfg = Release|Any CPU
		{13372CB9-0F8B-4ACD-B58E-B078247CD91E}.Azure|Any CPU.ActiveCfg = Azure|Any CPU
		{13372CB9-0F8B-4ACD-B58E-B078247CD91E}.Azure|Any CPU.Build.0 = Azure|Any CPU
		{13372CB9-0F8B-4ACD-B58E-B078247CD91E}.Debug|Any CPU.ActiveCfg = Debug|Any CPU
		{13372CB9-0F8B-4ACD-B58E-B078247CD91E}.Debug|Any CPU.Build.0 = Debug|Any CPU
		{13372CB9-0F8B-4ACD-B58E-B078247CD91E}.Release|Any CPU.ActiveCfg = Release|Any CPU
		{13372CB9-0F8B-4ACD-B58E-B078247CD91E}.Release|Any CPU.Build.0 = Release|Any CPU
		{D3653E94-5CB6-4FE2-BC51-E92D2AFDBC90}.Azure|Any CPU.ActiveCfg = Azure|Any CPU
		{D3653E94-5CB6-4FE2-BC51-E92D2AFDBC90}.Azure|Any CPU.Build.0 = Azure|Any CPU
		{D3653E94-5CB6-4FE2-BC51-E92D2AFDBC90}.Debug|Any CPU.ActiveCfg = Debug|Any CPU
		{D3653E94-5CB6-4FE2-BC51-E92D2AFDBC90}.Debug|Any CPU.Build.0 = Debug|Any CPU
		{D3653E94-5CB6-4FE2-BC51-E92D2AFDBC90}.Release|Any CPU.ActiveCfg = Release|Any CPU
		{D3653E94-5CB6-4FE2-BC51-E92D2AFDBC90}.Release|Any CPU.Build.0 = Release|Any CPU
		{6B6AAFA2-082C-43C0-9667-D3CEF9F5E3B0}.Azure|Any CPU.ActiveCfg = Release|Any CPU
		{6B6AAFA2-082C-43C0-9667-D3CEF9F5E3B0}.Azure|Any CPU.Build.0 = Release|Any CPU
		{6B6AAFA2-082C-43C0-9667-D3CEF9F5E3B0}.Debug|Any CPU.ActiveCfg = Debug|Any CPU
		{6B6AAFA2-082C-43C0-9667-D3CEF9F5E3B0}.Debug|Any CPU.Build.0 = Debug|Any CPU
		{6B6AAFA2-082C-43C0-9667-D3CEF9F5E3B0}.Release|Any CPU.ActiveCfg = Release|Any CPU
		{6B6AAFA2-082C-43C0-9667-D3CEF9F5E3B0}.Release|Any CPU.Build.0 = Release|Any CPU
		{038A280B-5ACE-491D-B389-BCE0BCCD4F0C}.Azure|Any CPU.ActiveCfg = Azure|Any CPU
		{038A280B-5ACE-491D-B389-BCE0BCCD4F0C}.Azure|Any CPU.Build.0 = Azure|Any CPU
		{038A280B-5ACE-491D-B389-BCE0BCCD4F0C}.Debug|Any CPU.ActiveCfg = Debug|Any CPU
		{038A280B-5ACE-491D-B389-BCE0BCCD4F0C}.Debug|Any CPU.Build.0 = Debug|Any CPU
		{038A280B-5ACE-491D-B389-BCE0BCCD4F0C}.Release|Any CPU.ActiveCfg = Release|Any CPU
		{038A280B-5ACE-491D-B389-BCE0BCCD4F0C}.Release|Any CPU.Build.0 = Release|Any CPU
		{8E35B46A-8806-4E84-9E27-F1619EBA0CCB}.Azure|Any CPU.ActiveCfg = Release|Any CPU
		{8E35B46A-8806-4E84-9E27-F1619EBA0CCB}.Azure|Any CPU.Build.0 = Release|Any CPU
		{8E35B46A-8806-4E84-9E27-F1619EBA0CCB}.Debug|Any CPU.ActiveCfg = Debug|Any CPU
		{8E35B46A-8806-4E84-9E27-F1619EBA0CCB}.Debug|Any CPU.Build.0 = Debug|Any CPU
		{8E35B46A-8806-4E84-9E27-F1619EBA0CCB}.Release|Any CPU.ActiveCfg = Release|Any CPU
		{8E35B46A-8806-4E84-9E27-F1619EBA0CCB}.Release|Any CPU.Build.0 = Release|Any CPU
		{D6D741FB-A0FE-47EF-B718-4A5149D83B84}.Azure|Any CPU.ActiveCfg = Azure|Any CPU
		{D6D741FB-A0FE-47EF-B718-4A5149D83B84}.Azure|Any CPU.Build.0 = Azure|Any CPU
		{D6D741FB-A0FE-47EF-B718-4A5149D83B84}.Debug|Any CPU.ActiveCfg = Debug|Any CPU
		{D6D741FB-A0FE-47EF-B718-4A5149D83B84}.Debug|Any CPU.Build.0 = Debug|Any CPU
		{D6D741FB-A0FE-47EF-B718-4A5149D83B84}.Release|Any CPU.ActiveCfg = Release|Any CPU
		{D6D741FB-A0FE-47EF-B718-4A5149D83B84}.Release|Any CPU.Build.0 = Release|Any CPU
		{FBC77B2E-3769-4C20-997D-EC115F52433F}.Azure|Any CPU.ActiveCfg = Azure|Any CPU
		{FBC77B2E-3769-4C20-997D-EC115F52433F}.Azure|Any CPU.Build.0 = Azure|Any CPU
		{FBC77B2E-3769-4C20-997D-EC115F52433F}.Debug|Any CPU.ActiveCfg = Debug|Any CPU
		{FBC77B2E-3769-4C20-997D-EC115F52433F}.Debug|Any CPU.Build.0 = Debug|Any CPU
		{FBC77B2E-3769-4C20-997D-EC115F52433F}.Release|Any CPU.ActiveCfg = Release|Any CPU
		{FBC77B2E-3769-4C20-997D-EC115F52433F}.Release|Any CPU.Build.0 = Release|Any CPU
		{E75CEA34-2165-4FDA-888D-B536CFCF531F}.Azure|Any CPU.ActiveCfg = Release|Any CPU
		{E75CEA34-2165-4FDA-888D-B536CFCF531F}.Azure|Any CPU.Build.0 = Release|Any CPU
		{E75CEA34-2165-4FDA-888D-B536CFCF531F}.Debug|Any CPU.ActiveCfg = Debug|Any CPU
		{E75CEA34-2165-4FDA-888D-B536CFCF531F}.Debug|Any CPU.Build.0 = Debug|Any CPU
		{E75CEA34-2165-4FDA-888D-B536CFCF531F}.Release|Any CPU.ActiveCfg = Release|Any CPU
		{E75CEA34-2165-4FDA-888D-B536CFCF531F}.Release|Any CPU.Build.0 = Release|Any CPU
		{F4FD7F14-2425-49CB-A97A-31164F537D6E}.Azure|Any CPU.ActiveCfg = Release|Any CPU
		{F4FD7F14-2425-49CB-A97A-31164F537D6E}.Azure|Any CPU.Build.0 = Release|Any CPU
		{F4FD7F14-2425-49CB-A97A-31164F537D6E}.Debug|Any CPU.ActiveCfg = Debug|Any CPU
		{F4FD7F14-2425-49CB-A97A-31164F537D6E}.Debug|Any CPU.Build.0 = Debug|Any CPU
		{F4FD7F14-2425-49CB-A97A-31164F537D6E}.Release|Any CPU.ActiveCfg = Release|Any CPU
		{F4FD7F14-2425-49CB-A97A-31164F537D6E}.Release|Any CPU.Build.0 = Release|Any CPU
		{FCFA9374-67E8-417D-B70C-5DA15A5B8CF0}.Azure|Any CPU.ActiveCfg = Release|Any CPU
		{FCFA9374-67E8-417D-B70C-5DA15A5B8CF0}.Azure|Any CPU.Build.0 = Release|Any CPU
		{FCFA9374-67E8-417D-B70C-5DA15A5B8CF0}.Debug|Any CPU.ActiveCfg = Debug|Any CPU
		{FCFA9374-67E8-417D-B70C-5DA15A5B8CF0}.Debug|Any CPU.Build.0 = Debug|Any CPU
		{FCFA9374-67E8-417D-B70C-5DA15A5B8CF0}.Release|Any CPU.ActiveCfg = Release|Any CPU
		{FCFA9374-67E8-417D-B70C-5DA15A5B8CF0}.Release|Any CPU.Build.0 = Release|Any CPU
		{16A409D3-3ED0-40E5-9C88-77917769C424}.Azure|Any CPU.ActiveCfg = Azure|Any CPU
		{16A409D3-3ED0-40E5-9C88-77917769C424}.Azure|Any CPU.Build.0 = Azure|Any CPU
		{16A409D3-3ED0-40E5-9C88-77917769C424}.Debug|Any CPU.ActiveCfg = Debug|Any CPU
		{16A409D3-3ED0-40E5-9C88-77917769C424}.Debug|Any CPU.Build.0 = Debug|Any CPU
		{16A409D3-3ED0-40E5-9C88-77917769C424}.Release|Any CPU.ActiveCfg = Release|Any CPU
		{16A409D3-3ED0-40E5-9C88-77917769C424}.Release|Any CPU.Build.0 = Release|Any CPU
		{3AC8BA2A-7DBF-4CC5-B44E-F17098A12BD6}.Azure|Any CPU.ActiveCfg = Azure|Any CPU
		{3AC8BA2A-7DBF-4CC5-B44E-F17098A12BD6}.Azure|Any CPU.Build.0 = Azure|Any CPU
		{3AC8BA2A-7DBF-4CC5-B44E-F17098A12BD6}.Debug|Any CPU.ActiveCfg = Debug|Any CPU
		{3AC8BA2A-7DBF-4CC5-B44E-F17098A12BD6}.Debug|Any CPU.Build.0 = Debug|Any CPU
		{3AC8BA2A-7DBF-4CC5-B44E-F17098A12BD6}.Release|Any CPU.ActiveCfg = Release|Any CPU
		{3AC8BA2A-7DBF-4CC5-B44E-F17098A12BD6}.Release|Any CPU.Build.0 = Release|Any CPU
		{E5481D20-BBEE-40DC-95FD-957F79DFB359}.Azure|Any CPU.ActiveCfg = Azure|Any CPU
		{E5481D20-BBEE-40DC-95FD-957F79DFB359}.Azure|Any CPU.Build.0 = Azure|Any CPU
		{E5481D20-BBEE-40DC-95FD-957F79DFB359}.Debug|Any CPU.ActiveCfg = Debug|Any CPU
		{E5481D20-BBEE-40DC-95FD-957F79DFB359}.Debug|Any CPU.Build.0 = Debug|Any CPU
		{E5481D20-BBEE-40DC-95FD-957F79DFB359}.Release|Any CPU.ActiveCfg = Release|Any CPU
		{E5481D20-BBEE-40DC-95FD-957F79DFB359}.Release|Any CPU.Build.0 = Release|Any CPU
		{296655F4-4FEF-42CB-946D-3E1023EEEA0D}.Azure|Any CPU.ActiveCfg = Azure|Any CPU
		{296655F4-4FEF-42CB-946D-3E1023EEEA0D}.Azure|Any CPU.Build.0 = Azure|Any CPU
		{296655F4-4FEF-42CB-946D-3E1023EEEA0D}.Debug|Any CPU.ActiveCfg = Debug|Any CPU
		{296655F4-4FEF-42CB-946D-3E1023EEEA0D}.Debug|Any CPU.Build.0 = Debug|Any CPU
		{296655F4-4FEF-42CB-946D-3E1023EEEA0D}.Release|Any CPU.ActiveCfg = Release|Any CPU
		{296655F4-4FEF-42CB-946D-3E1023EEEA0D}.Release|Any CPU.Build.0 = Release|Any CPU
		{A6041552-964B-4F42-BB22-A47194BFC245}.Azure|Any CPU.ActiveCfg = Azure|Any CPU
		{A6041552-964B-4F42-BB22-A47194BFC245}.Azure|Any CPU.Build.0 = Azure|Any CPU
		{A6041552-964B-4F42-BB22-A47194BFC245}.Debug|Any CPU.ActiveCfg = Debug|Any CPU
		{A6041552-964B-4F42-BB22-A47194BFC245}.Debug|Any CPU.Build.0 = Debug|Any CPU
		{A6041552-964B-4F42-BB22-A47194BFC245}.Release|Any CPU.ActiveCfg = Release|Any CPU
		{A6041552-964B-4F42-BB22-A47194BFC245}.Release|Any CPU.Build.0 = Release|Any CPU
		{30DD1A5B-2404-49CE-9046-5B50DDCFBFE9}.Azure|Any CPU.ActiveCfg = Release|Any CPU
		{30DD1A5B-2404-49CE-9046-5B50DDCFBFE9}.Azure|Any CPU.Build.0 = Release|Any CPU
		{30DD1A5B-2404-49CE-9046-5B50DDCFBFE9}.Debug|Any CPU.ActiveCfg = Debug|Any CPU
		{30DD1A5B-2404-49CE-9046-5B50DDCFBFE9}.Debug|Any CPU.Build.0 = Debug|Any CPU
		{30DD1A5B-2404-49CE-9046-5B50DDCFBFE9}.Release|Any CPU.ActiveCfg = Release|Any CPU
		{30DD1A5B-2404-49CE-9046-5B50DDCFBFE9}.Release|Any CPU.Build.0 = Release|Any CPU
		{982F3B6B-843A-4AAF-81E3-F8A29DB9B73A}.Azure|Any CPU.ActiveCfg = Release|Any CPU
		{982F3B6B-843A-4AAF-81E3-F8A29DB9B73A}.Azure|Any CPU.Build.0 = Release|Any CPU
		{982F3B6B-843A-4AAF-81E3-F8A29DB9B73A}.Debug|Any CPU.ActiveCfg = Debug|Any CPU
		{982F3B6B-843A-4AAF-81E3-F8A29DB9B73A}.Debug|Any CPU.Build.0 = Debug|Any CPU
		{982F3B6B-843A-4AAF-81E3-F8A29DB9B73A}.Release|Any CPU.ActiveCfg = Release|Any CPU
		{982F3B6B-843A-4AAF-81E3-F8A29DB9B73A}.Release|Any CPU.Build.0 = Release|Any CPU
	EndGlobalSection
	GlobalSection(SolutionProperties) = preSolution
		HideSolutionNode = FALSE
	EndGlobalSection
	GlobalSection(NestedProjects) = preSolution
		{953F6DC3-1321-4D29-B7A5-E3E009222820} = {38E84F1B-7493-4C4F-8F4E-48CFBFD16FE5}
		{3C613236-83D6-45EA-812C-7FF5CB868F50} = {8BE95143-7972-4F71-8D6D-1C5969DBFB88}
		{0A9DCCE1-E89F-4312-B6DE-1A1C5C06EC29} = {8EE3C655-346B-45FF-B34B-796273FD58E3}
		{FEEB3E69-1BB9-4460-866B-A56DA3CC6424} = {8EE3C655-346B-45FF-B34B-796273FD58E3}
		{C8CFD36A-8EF4-4081-A5CB-7E8B28978508} = {8EE3C655-346B-45FF-B34B-796273FD58E3}
		{A966D6B6-365B-4EA2-8BCA-B9EFE41A14D1} = {2B7E2626-9BE3-4F39-8189-021536918763}
		{6FDDE09C-AFD6-4823-B435-8DFFBD600EE6} = {38E84F1B-7493-4C4F-8F4E-48CFBFD16FE5}
		{03431B74-8132-461E-8A57-CF852CCF72D4} = {8BE95143-7972-4F71-8D6D-1C5969DBFB88}
		{EC30D0E0-D17F-4848-8CFF-C257767F087B} = {9490F906-4729-4E8A-9203-8BFFCB7AEAB9}
		{0AE2DF90-EE7F-4E7E-A154-6A7ACFB7326B} = {2B7E2626-9BE3-4F39-8189-021536918763}
		{D3AC0859-7447-4D7E-AAE9-956D1B50DC23} = {2C112666-BCD6-43A5-BC2F-BC4B01DD8CDA}
		{22277553-7E60-4557-AE63-153B00F211EF} = {57AC4BE8-FBCE-4704-A543-D4AB9A595974}
		{81E84113-EA89-493E-B1A8-BCB674F46A99} = {2B7E2626-9BE3-4F39-8189-021536918763}
		{5FBEEB52-DD77-48C7-845E-733BF7A55431} = {2B7E2626-9BE3-4F39-8189-021536918763}
		{FA4C74E2-8E1A-4633-B928-6B72B5D97C9B} = {2B7E2626-9BE3-4F39-8189-021536918763}
		{A650E705-6184-423A-83E2-33E2A27FB542} = {F7FC9D3F-005F-4543-B730-2304F7A2CD11}
		{3E81825A-1D30-448D-99E7-3FF372F8CC53} = {2B7E2626-9BE3-4F39-8189-021536918763}
		{0B5D3009-DFC1-49B1-AF47-8D63628977F7} = {2B7E2626-9BE3-4F39-8189-021536918763}
		{33FEA6E6-549C-4BBB-9F7F-77D9B20DF9C1} = {CA552B15-7AD4-4324-BBA3-8687BEDAD6E5}
		{10E4F18F-23B3-45CF-8FE1-AC7F98DC117E} = {CA552B15-7AD4-4324-BBA3-8687BEDAD6E5}
		{623643F9-671D-42BF-9368-80B4B2723701} = {2B7E2626-9BE3-4F39-8189-021536918763}
		{C53FA771-3BBF-428F-8BC2-D2EF7B475D8C} = {9490F906-4729-4E8A-9203-8BFFCB7AEAB9}
		{EB29AFCB-AB85-46B1-9703-7026C0A6D0C3} = {8EE3C655-346B-45FF-B34B-796273FD58E3}
		{DF3467B1-5D12-4B0B-A63D-6EF5562035F6} = {8EE3C655-346B-45FF-B34B-796273FD58E3}
		{1F30DCDC-5E70-4A89-B7CE-DA8FAC1BAC52} = {2C112666-BCD6-43A5-BC2F-BC4B01DD8CDA}
		{FA48B35D-D359-4459-BD99-1A7EFE054963} = {57AC4BE8-FBCE-4704-A543-D4AB9A595974}
		{814B78E3-CF62-4180-83C6-DFAE183861C2} = {2B7E2626-9BE3-4F39-8189-021536918763}
		{6F42106C-6531-41EA-8672-E546D8001CB0} = {2B7E2626-9BE3-4F39-8189-021536918763}
		{9E698A08-84DA-44F2-9356-1379CF1A1879} = {2C112666-BCD6-43A5-BC2F-BC4B01DD8CDA}
		{13372CB9-0F8B-4ACD-B58E-B078247CD91E} = {2C112666-BCD6-43A5-BC2F-BC4B01DD8CDA}
		{D3653E94-5CB6-4FE2-BC51-E92D2AFDBC90} = {2B7E2626-9BE3-4F39-8189-021536918763}
		{6B6AAFA2-082C-43C0-9667-D3CEF9F5E3B0} = {2B7E2626-9BE3-4F39-8189-021536918763}
		{038A280B-5ACE-491D-B389-BCE0BCCD4F0C} = {8EE3C655-346B-45FF-B34B-796273FD58E3}
		{8E35B46A-8806-4E84-9E27-F1619EBA0CCB} = {57AC4BE8-FBCE-4704-A543-D4AB9A595974}
		{D6D741FB-A0FE-47EF-B718-4A5149D83B84} = {57AC4BE8-FBCE-4704-A543-D4AB9A595974}
		{FBC77B2E-3769-4C20-997D-EC115F52433F} = {8EE3C655-346B-45FF-B34B-796273FD58E3}
		{E75CEA34-2165-4FDA-888D-B536CFCF531F} = {2B7E2626-9BE3-4F39-8189-021536918763}
		{F4FD7F14-2425-49CB-A97A-31164F537D6E} = {1BA67710-366C-4EEF-B948-7E7C8B8BA7D9}
		{FCFA9374-67E8-417D-B70C-5DA15A5B8CF0} = {1BA67710-366C-4EEF-B948-7E7C8B8BA7D9}
		{16A409D3-3ED0-40E5-9C88-77917769C424} = {1BA67710-366C-4EEF-B948-7E7C8B8BA7D9}
		{3AC8BA2A-7DBF-4CC5-B44E-F17098A12BD6} = {1BA67710-366C-4EEF-B948-7E7C8B8BA7D9}
		{E5481D20-BBEE-40DC-95FD-957F79DFB359} = {1BA67710-366C-4EEF-B948-7E7C8B8BA7D9}
		{296655F4-4FEF-42CB-946D-3E1023EEEA0D} = {1BA67710-366C-4EEF-B948-7E7C8B8BA7D9}
		{A6041552-964B-4F42-BB22-A47194BFC245} = {1BA67710-366C-4EEF-B948-7E7C8B8BA7D9}
		{30DD1A5B-2404-49CE-9046-5B50DDCFBFE9} = {1BA67710-366C-4EEF-B948-7E7C8B8BA7D9}
		{982F3B6B-843A-4AAF-81E3-F8A29DB9B73A} = {5AFB02FD-7851-4CA1-930A-56BB9ECA4818}
	EndGlobalSection
	GlobalSection(ExtensibilityGlobals) = postSolution
		SolutionGuid = {89C2F009-3CBB-4C35-9AB7-88559E0A8DA6}
	EndGlobalSection
	GlobalSection(Performance) = preSolution
		HasPerformanceSessions = true
	EndGlobalSection
	GlobalSection(Performance) = preSolution
		HasPerformanceSessions = true
	EndGlobalSection
	GlobalSection(Performance) = preSolution
		HasPerformanceSessions = true
	EndGlobalSection
	GlobalSection(Performance) = preSolution
		HasPerformanceSessions = true
	EndGlobalSection
	GlobalSection(Performance) = preSolution
		HasPerformanceSessions = true
	EndGlobalSection
EndGlobal
